// !$*UTF8*$!
{
	archiveVersion = 1;
	classes = {
	};
	objectVersion = 46;
	objects = {

/* Begin PBXBuildFile section */
		C72B58A41BE89D7F00480DA9 /* main.cpp in Sources */ = {isa = PBXBuildFile; fileRef = C72B58A31BE89D7F00480DA9 /* main.cpp */; };
		C72B58AC1BE89D9600480DA9 /* Parse.cpp in Sources */ = {isa = PBXBuildFile; fileRef = C72B58AA1BE89D9600480DA9 /* Parse.cpp */; };
		C72B58AF1BE89D9C00480DA9 /* Expression.cpp in Sources */ = {isa = PBXBuildFile; fileRef = C72B58AD1BE89D9C00480DA9 /* Expression.cpp */; };
/* End PBXBuildFile section */

/* Begin PBXCopyFilesBuildPhase section */
		C72B589E1BE89D7F00480DA9 /* CopyFiles */ = {
			isa = PBXCopyFilesBuildPhase;
			buildActionMask = 2147483647;
			dstPath = /usr/share/man/man1/;
			dstSubfolderSpec = 0;
			files = (
			);
			runOnlyForDeploymentPostprocessing = 1;
		};
/* End PBXCopyFilesBuildPhase section */

/* Begin PBXFileReference section */
		C72B58A01BE89D7F00480DA9 /* Vivision1102 */ = {isa = PBXFileReference; explicitFileType = "compiled.mach-o.executable"; includeInIndex = 0; path = Vivision1102; sourceTree = BUILT_PRODUCTS_DIR; };
		C72B58A31BE89D7F00480DA9 /* main.cpp */ = {isa = PBXFileReference; lastKnownFileType = sourcecode.cpp.cpp; path = main.cpp; sourceTree = "<group>"; };
		C72B58AA1BE89D9600480DA9 /* Parse.cpp */ = {isa = PBXFileReference; fileEncoding = 4; lastKnownFileType = sourcecode.cpp.cpp; path = Parse.cpp; sourceTree = "<group>"; };
		C72B58AB1BE89D9600480DA9 /* Parse.h */ = {isa = PBXFileReference; fileEncoding = 4; lastKnownFileType = sourcecode.c.h; path = Parse.h; sourceTree = "<group>"; };
		C72B58AD1BE89D9C00480DA9 /* Expression.cpp */ = {isa = PBXFileReference; fileEncoding = 4; lastKnownFileType = sourcecode.cpp.cpp; path = Expression.cpp; sourceTree = "<group>"; };
		C72B58AE1BE89D9C00480DA9 /* Expression.h */ = {isa = PBXFileReference; fileEncoding = 4; lastKnownFileType = sourcecode.c.h; path = Expression.h; sourceTree = "<group>"; };
/* End PBXFileReference section */

/* Begin PBXFrameworksBuildPhase section */
		C72B589D1BE89D7F00480DA9 /* Frameworks */ = {
			isa = PBXFrameworksBuildPhase;
			buildActionMask = 2147483647;
			files = (
			);
			runOnlyForDeploymentPostprocessing = 0;
		};
/* End PBXFrameworksBuildPhase section */

/* Begin PBXGroup section */
		C72B58971BE89D7F00480DA9 = {
			isa = PBXGroup;
			children = (
				C72B58A21BE89D7F00480DA9 /* Vivision1102 */,
				C72B58A11BE89D7F00480DA9 /* Products */,
			);
			sourceTree = "<group>";
		};
		C72B58A11BE89D7F00480DA9 /* Products */ = {
			isa = PBXGroup;
			children = (
				C72B58A01BE89D7F00480DA9 /* Vivision1102 */,
			);
			name = Products;
			sourceTree = "<group>";
		};
		C72B58A21BE89D7F00480DA9 /* Vivision1102 */ = {
			isa = PBXGroup;
			children = (
				C72B58AD1BE89D9C00480DA9 /* Expression.cpp */,
				C72B58AE1BE89D9C00480DA9 /* Expression.h */,
				C72B58AA1BE89D9600480DA9 /* Parse.cpp */,
				C72B58AB1BE89D9600480DA9 /* Parse.h */,
				C72B58A31BE89D7F00480DA9 /* main.cpp */,
			);
			path = Vivision1102;
			sourceTree = "<group>";
		};
/* End PBXGroup section */

/* Begin PBXNativeTarget section */
		C72B589F1BE89D7F00480DA9 /* Vivision1102 */ = {
			isa = PBXNativeTarget;
			buildConfigurationList = C72B58A71BE89D7F00480DA9 /* Build configuration list for PBXNativeTarget "Vivision1102" */;
			buildPhases = (
				C72B589C1BE89D7F00480DA9 /* Sources */,
				C72B589D1BE89D7F00480DA9 /* Frameworks */,
				C72B589E1BE89D7F00480DA9 /* CopyFiles */,
			);
			buildRules = (
			);
			dependencies = (
			);
			name = Vivision1102;
			productName = Vivision1102;
			productReference = C72B58A01BE89D7F00480DA9 /* Vivision1102 */;
			productType = "com.apple.product-type.tool";
		};
/* End PBXNativeTarget section */

/* Begin PBXProject section */
		C72B58981BE89D7F00480DA9 /* Project object */ = {
			isa = PBXProject;
			attributes = {
				LastUpgradeCheck = 0710;
				ORGANIZATIONNAME = "Zhennian Liang";
				TargetAttributes = {
					C72B589F1BE89D7F00480DA9 = {
						CreatedOnToolsVersion = 7.1;
					};
				};
			};
			buildConfigurationList = C72B589B1BE89D7F00480DA9 /* Build configuration list for PBXProject "Vivision1102" */;
			compatibilityVersion = "Xcode 3.2";
			developmentRegion = English;
			hasScannedForEncodings = 0;
			knownRegions = (
				en,
			);
			mainGroup = C72B58971BE89D7F00480DA9;
			productRefGroup = C72B58A11BE89D7F00480DA9 /* Products */;
			projectDirPath = "";
			projectRoot = "";
			targets = (
				C72B589F1BE89D7F00480DA9 /* Vivision1102 */,
			);
		};
/* End PBXProject section */

/* Begin PBXSourcesBuildPhase section */
		C72B589C1BE89D7F00480DA9 /* Sources */ = {
			isa = PBXSourcesBuildPhase;
			buildActionMask = 2147483647;
			files = (
				C72B58A41BE89D7F00480DA9 /* main.cpp in Sources */,
				C72B58AF1BE89D9C00480DA9 /* Expression.cpp in Sources */,
				C72B58AC1BE89D9600480DA9 /* Parse.cpp in Sources */,
			);
			runOnlyForDeploymentPostprocessing = 0;
		};
/* End PBXSourcesBuildPhase section */

/* Begin XCBuildConfiguration section */
		C72B58A51BE89D7F00480DA9 /* Debug */ = {
			isa = XCBuildConfiguration;
			buildSettings = {
				ALWAYS_SEARCH_USER_PATHS = NO;
				CLANG_CXX_LANGUAGE_STANDARD = "gnu++0x";
				CLANG_CXX_LIBRARY = "libc++";
				CLANG_ENABLE_MODULES = YES;
				CLANG_ENABLE_OBJC_ARC = YES;
				CLANG_WARN_BOOL_CONVERSION = YES;
				CLANG_WARN_CONSTANT_CONVERSION = YES;
				CLANG_WARN_DIRECT_OBJC_ISA_USAGE = YES_ERROR;
				CLANG_WARN_EMPTY_BODY = YES;
				CLANG_WARN_ENUM_CONVERSION = YES;
				CLANG_WARN_INT_CONVERSION = YES;
				CLANG_WARN_OBJC_ROOT_CLASS = YES_ERROR;
				CLANG_WARN_UNREACHABLE_CODE = YES;
				CLANG_WARN__DUPLICATE_METHOD_MATCH = YES;
				CODE_SIGN_IDENTITY = "-";
				COPY_PHASE_STRIP = NO;
				DEBUG_INFORMATION_FORMAT = dwarf;
				ENABLE_STRICT_OBJC_MSGSEND = YES;
				ENABLE_TESTABILITY = YES;
				GCC_C_LANGUAGE_STANDARD = gnu99;
				GCC_DYNAMIC_NO_PIC = NO;
				GCC_NO_COMMON_BLOCKS = YES;
				GCC_OPTIMIZATION_LEVEL = 0;
				GCC_PREPROCESSOR_DEFINITIONS = (
					"DEBUG=1",
					"$(inherited)",
				);
				GCC_WARN_64_TO_32_BIT_CONVERSION = YES;
				GCC_WARN_ABOUT_RETURN_TYPE = YES_ERROR;
				GCC_WARN_UNDECLARED_SELECTOR = YES;
				GCC_WARN_UNINITIALIZED_AUTOS = YES_AGGRESSIVE;
				GCC_WARN_UNUSED_FUNCTION = YES;
				GCC_WARN_UNUSED_VARIABLE = YES;
				MACOSX_DEPLOYMENT_TARGET = 10.11;
				MTL_ENABLE_DEBUG_INFO = YES;
				ONLY_ACTIVE_ARCH = YES;
				SDKROOT = macosx;
			};
			name = Debug;
		};
		C72B58A61BE89D7F00480DA9 /* Release */ = {
			isa = XCBuildConfiguration;
			buildSettings = {
				ALWAYS_SEARCH_USER_PATHS = NO;
				CLANG_CXX_LANGUAGE_STANDARD = "gnu++0x";
				CLANG_CXX_LIBRARY = "libc++";
				CLANG_ENABLE_MODULES = YES;
				CLANG_ENABLE_OBJC_ARC = YES;
				CLANG_WARN_BOOL_CONVERSION = YES;
				CLANG_WARN_CONSTANT_CONVERSION = YES;
				CLANG_WARN_DIRECT_OBJC_ISA_USAGE = YES_ERROR;
				CLANG_WARN_EMPTY_BODY = YES;
				CLANG_WARN_ENUM_CONVERSION = YES;
				CLANG_WARN_INT_CONVERSION = YES;
				CLANG_WARN_OBJC_ROOT_CLASS = YES_ERROR;
				CLANG_WARN_UNREACHABLE_CODE = YES;
				CLANG_WARN__DUPLICATE_METHOD_MATCH = YES;
				CODE_SIGN_IDENTITY = "-";
				COPY_PHASE_STRIP = NO;
				DEBUG_INFORMATION_FORMAT = "dwarf-with-dsym";
				ENABLE_NS_ASSERTIONS = NO;
				ENABLE_STRICT_OBJC_MSGSEND = YES;
				GCC_C_LANGUAGE_STANDARD = gnu99;
				GCC_NO_COMMON_BLOCKS = YES;
				GCC_WARN_64_TO_32_BIT_CONVERSION = YES;
				GCC_WARN_ABOUT_RETURN_TYPE = YES_ERROR;
				GCC_WARN_UNDECLARED_SELECTOR = YES;
				GCC_WARN_UNINITIALIZED_AUTOS = YES_AGGRESSIVE;
				GCC_WARN_UNUSED_FUNCTION = YES;
				GCC_WARN_UNUSED_VARIABLE = YES;
				MACOSX_DEPLOYMENT_TARGET = 10.11;
				MTL_ENABLE_DEBUG_INFO = NO;
				SDKROOT = macosx;
			};
			name = Release;
		};
		C72B58A81BE89D7F00480DA9 /* Debug */ = {
			isa = XCBuildConfiguration;
			buildSettings = {
				PRODUCT_NAME = "$(TARGET_NAME)";
			};
			name = Debug;
		};
		C72B58A91BE89D7F00480DA9 /* Release */ = {
			isa = XCBuildConfiguration;
			buildSettings = {
				PRODUCT_NAME = "$(TARGET_NAME)";
			};
			name = Release;
		};
/* End XCBuildConfiguration section */

/* Begin XCConfigurationList section */
		C72B589B1BE89D7F00480DA9 /* Build configuration list for PBXProject "Vivision1102" */ = {
			isa = XCConfigurationList;
			buildConfigurations = (
				C72B58A51BE89D7F00480DA9 /* Debug */,
				C72B58A61BE89D7F00480DA9 /* Release */,
			);
			defaultConfigurationIsVisible = 0;
			defaultConfigurationName = Release;
		};
		C72B58A71BE89D7F00480DA9 /* Build configuration list for PBXNativeTarget "Vivision1102" */ = {
			isa = XCConfigurationList;
			buildConfigurations = (
				C72B58A81BE89D7F00480DA9 /* Debug */,
				C72B58A91BE89D7F00480DA9 /* Release */,
			);
			defaultConfigurationIsVisible = 0;
		};
/* End XCConfigurationList section */
	};
	rootObject = C72B58981BE89D7F00480DA9 /* Project object */;
}
